
Microsoft Visual Studio Solution File, Format Version 12.00
# Visual Studio Version 17
VisualStudioVersion = 17.8.34330.188
MinimumVisualStudioVersion = 10.0.40219.1
Project("{9A19103F-16F7-4668-BE54-9A1E7A4F7556}") = "EcommerceCore", "EcommerceCore\EcommerceCore.csproj", "{2BB6C2C6-F3D6-4C93-86C2-E2220F16AA4A}"
EndProject
Project("{2150E333-8FDC-42A3-9474-1A3956D46DE8}") = "Resource", "Resource", "{508B59FD-1D92-40ED-8100-6A8F4206B337}"
EndProject
Global
	GlobalSection(SolutionConfigurationPlatforms) = preSolution
		Debug|Any CPU = Debug|Any CPU
		Release|Any CPU = Release|Any CPU
	EndGlobalSection
	GlobalSection(ProjectConfigurationPlatforms) = postSolution
		{2BB6C2C6-F3D6-4C93-86C2-E2220F16AA4A}.Debug|Any CPU.ActiveCfg = Debug|Any CPU
		{2BB6C2C6-F3D6-4C93-86C2-E2220F16AA4A}.Debug|Any CPU.Build.0 = Debug|Any CPU
		{2BB6C2C6-F3D6-4C93-86C2-E2220F16AA4A}.Release|Any CPU.ActiveCfg = Release|Any CPU
		{2BB6C2C6-F3D6-4C93-86C2-E2220F16AA4A}.Release|Any CPU.Build.0 = Release|Any CPU
	EndGlobalSection
	GlobalSection(SolutionProperties) = preSolution
		HideSolutionNode = FALSE
	EndGlobalSection
	GlobalSection(ExtensibilityGlobals) = postSolution
		SolutionGuid = {4D949EFD-9119-4882-ACAB-05E797764ADD}
	EndGlobalSection
EndGlobal
